
Microsoft Visual Studio Solution File, Format Version 12.00
# Visual Studio Version 17
VisualStudioVersion = 17.9.34723.18
MinimumVisualStudioVersion = 10.0.40219.1
Project("{9A19103F-16F7-4668-BE54-9A1E7A4F7556}") = "AuthenticationAPI", "AuthenticationAPI\AuthenticationAPI.csproj", "{C8EAD977-3A9E-4C17-B6BB-B9C1DC6399B3}"
EndProject
Project("{2150E333-8FDC-42A3-9474-1A3956D46DE8}") = "src", "src", "{42A5D06A-89E8-4691-A0F4-98F640AD0E28}"
EndProject
Project("{2150E333-8FDC-42A3-9474-1A3956D46DE8}") = "tests", "tests", "{4DE8492D-0F28-406A-B987-FAD31EF39B71}"
EndProject
Project("{2150E333-8FDC-42A3-9474-1A3956D46DE8}") = "services", "services", "{00C9B007-C15B-4A56-B0A7-E78DE2A63A89}"
EndProject
Global
	GlobalSection(SolutionConfigurationPlatforms) = preSolution
		Debug|Any CPU = Debug|Any CPU
		Release|Any CPU = Release|Any CPU
	EndGlobalSection
	GlobalSection(ProjectConfigurationPlatforms) = postSolution
		{C8EAD977-3A9E-4C17-B6BB-B9C1DC6399B3}.Debug|Any CPU.ActiveCfg = Debug|Any CPU
		{C8EAD977-3A9E-4C17-B6BB-B9C1DC6399B3}.Debug|Any CPU.Build.0 = Debug|Any CPU
		{C8EAD977-3A9E-4C17-B6BB-B9C1DC6399B3}.Release|Any CPU.ActiveCfg = Release|Any CPU
		{C8EAD977-3A9E-4C17-B6BB-B9C1DC6399B3}.Release|Any CPU.Build.0 = Release|Any CPU
	EndGlobalSection
	GlobalSection(SolutionProperties) = preSolution
		HideSolutionNode = FALSE
	EndGlobalSection
	GlobalSection(NestedProjects) = preSolution
		{C8EAD977-3A9E-4C17-B6BB-B9C1DC6399B3} = {00C9B007-C15B-4A56-B0A7-E78DE2A63A89}
		{00C9B007-C15B-4A56-B0A7-E78DE2A63A89} = {42A5D06A-89E8-4691-A0F4-98F640AD0E28}
	EndGlobalSection
	GlobalSection(ExtensibilityGlobals) = postSolution
		SolutionGuid = {B2C5591B-864E-4EAB-BAB0-8EEF823214D4}
	EndGlobalSection
EndGlobal
